{
  "nodes": {
    "aoi-cms-nix": {
      "inputs": {
        "cms": "cms",
        "cms-aoi-import": "cms-aoi-import",
        "flake-parts": "flake-parts_2",
        "flake-root": "flake-root",
        "isolate": "isolate",
        "nixpkgs": "nixpkgs_2",
        "treefmt-nix": "treefmt-nix"
      },
      "locked": {
        "lastModified": 1789001837,
        "narHash": "sha256-DLceVcN44ohSsz10BZwd6RRQpIgYPc7kbPG3Z/AI3vU=",
        "ref": "refs/heads/master",
        "rev": "75ecf9db5082a7d7944fae312f6c9e83057dfe05",
        "revCount": 59,
        "type": "git",
        "url": "ssh://git@github.com/austrian-olympiad-informatics/aoi-cms-nix.git"
      },
      "original": {
        "type": "git",
        "url": "ssh://git@github.com/austrian-olympiad-informatics/aoi-cms-nix.git"
      }
    },
    "cms": {
      "flake": false,
      "locked": {
        "lastModified": 1748385200,
        "narHash": "sha256-GRd0CjoLuuyiNUbgB2hxaKBGb+9pYHDAO7F5pKLWh/8=",
        "owner": "austrian-olympiad-informatics",
        "repo": "cms",
        "rev": "be76aa3cd586e864d65112d22853f4c05c9cf5e7",
        "type": "github"
      },
      "original": {
        "owner": "austrian-olympiad-informatics",
        "ref": "live",
        "repo": "cms",
        "type": "github"
      }
    },
    "cms-aoi-import": {
      "inputs": {
        "flake-parts": "flake-parts",
        "nixpkgs": "nixpkgs"
      },
      "locked": {
        "lastModified": 1788999193,
        "narHash": "sha256-ig8wiKgDp7Fn6X1fbQC2jRHAg608/Bj4zQ7IRZV5eBA=",
        "owner": "austrian-olympiad-informatics",
        "repo": "cms-aoi-import",
        "rev": "d685713ffdaa4722d74153174801b335b3daf77d",
        "type": "github"
      },
      "original": {
        "owner": "austrian-olympiad-informatics",
        "repo": "cms-aoi-import",
        "type": "github"
      }
    },
    "cms-aoi-import_2": {
      "inputs": {
        "flake-parts": "flake-parts_3",
        "nixpkgs": "nixpkgs_4"
      },
      "locked": {
        "lastModified": 1788999193,
        "narHash": "sha256-ig8wiKgDp7Fn6X1fbQC2jRHAg608/Bj4zQ7IRZV5eBA=",
        "ref": "refs/heads/main",
        "rev": "d685713ffdaa4722d74153174801b335b3daf77d",
        "revCount": 62,
        "type": "git",
        "url": "ssh://git@github.com/austrian-olympiad-informatics/cms-aoi-import.git"
      },
      "original": {
        "type": "git",
        "url": "ssh://git@github.com/austrian-olympiad-informatics/cms-aoi-import.git"
      }
    },
    "devenv": {
      "locked": {
        "dir": "src/modules",
        "lastModified": 1788956372,
        "narHash": "sha256-ACop98BNBAWic+KLXd5PBSwzxzMUfEWmefVXDBDFyHQ=",
        "owner": "cachix",
        "repo": "devenv",
        "rev": "2a399e9ea5e981f225d75b25c8fa8d76f730131d",
        "type": "github"
      },
      "original": {
        "dir": "src/modules",
        "owner": "cachix",
        "repo": "devenv",
        "type": "github"
      }
    },
    "flake-parts": {
      "inputs": {
        "nixpkgs-lib": "nixpkgs-lib"
      },
      "locked": {
        "lastModified": 1756770412,
        "narHash": "sha256-+uWLQZccFHwqpGqr2Yt5VsW/PbeJVTn9Dk6SHWhNRPw=",
        "owner": "hercules-ci",
        "repo": "flake-parts",
        "rev": "4524271976b625a4a605beefd893f270620fd751",
        "type": "github"
      },
      "original": {
        "owner": "hercules-ci",
        "repo": "flake-parts",
        "type": "github"
      }
    },
    "flake-parts_2": {
      "inputs": {
        "nixpkgs-lib": "nixpkgs-lib_2"
      },
      "locked": {
        "lastModified": 1788450739,
        "narHash": "sha256-glZLQlzIn1fXH6PazR2iUmTo7kzzyYSshrWhLS9TqCU=",
        "owner": "hercules-ci",
        "repo": "flake-parts",
        "rev": "31729ca8cbdb4fa927b34e5f4353e6a83f39e993",
        "type": "github"
      },
      "original": {
        "owner": "hercules-ci",
        "repo": "flake-parts",
        "type": "github"
      }
    },
    "flake-parts_3": {
      "inputs": {
        "nixpkgs-lib": "nixpkgs-lib_3"
      },
      "locked": {
        "lastModified": 1756770412,
        "narHash": "sha256-+uWLQZccFHwqpGqr2Yt5VsW/PbeJVTn9Dk6SHWhNRPw=",
        "owner": "hercules-ci",
        "repo": "flake-parts",
        "rev": "4524271976b625a4a605beefd893f270620fd751",
        "type": "github"
      },
      "original": {
        "owner": "hercules-ci",
        "repo": "flake-parts",
        "type": "github"
      }
    },
    "flake-root": {
      "locked": {
        "lastModified": 1723604017,
        "narHash": "sha256-rBtQ8gg+Dn4Sx/s+pvjdq3CB2wQNzx9XGFq/JVGCB6k=",
        "owner": "srid",
        "repo": "flake-root",
        "rev": "b759a56851e10cb13f6b8e5698af7b59c44be26e",
        "type": "github"
      },
      "original": {
        "owner": "srid",
        "repo": "flake-root",
        "type": "github"
      }
    },
    "isolate": {
      "flake": false,
      "locked": {
        "lastModified": 1787525008,
        "narHash": "sha256-ySs9AEsOzuoJxTv+bbcy7lYCuVU1lUN5aXYC2aZFhss=",
        "owner": "ioi",
        "repo": "isolate",
        "rev": "8f185bb37f3f23e29b33b0c7727c91c13429abe3",
        "type": "github"
      },
      "original": {
        "owner": "ioi",
        "repo": "isolate",
        "type": "github"
      }
    },
    "nixpkgs": {
      "locked": {
        "lastModified": 1758277210,
        "narHash": "sha256-iCGWf/LTy+aY0zFu8q12lK8KuZp7yvdhStehhyX1v8w=",
        "owner": "NixOS",
        "repo": "nixpkgs",
        "rev": "8eaee110344796db060382e15d3af0a9fc396e0e",
        "type": "github"
      },
      "original": {
        "owner": "NixOS",
        "ref": "nixos-unstable",
        "repo": "nixpkgs",
        "type": "github"
      }
    },
    "nixpkgs-lib": {
      "locked": {
        "lastModified": 1754788789,
        "narHash": "sha256-x2rJ+Ovzq0sCMpgfgGaaqgBSwY+LST+WbZ6TytnT9Rk=",
        "owner": "nix-community",
        "repo": "nixpkgs.lib",
        "rev": "a73b9c743612e4244d865a2fdee11865283c04e6",
        "type": "github"
      },
      "original": {
        "owner": "nix-community",
        "repo": "nixpkgs.lib",
        "type": "github"
      }
    },
    "nixpkgs-lib_2": {
      "locked": {
        "lastModified": 1788057806,
        "narHash": "sha256-DTQSMxzDWmT0zhguthvegnVkn7CFqGCv4IHCzk5ZUpM=",
        "owner": "nix-community",
        "repo": "nixpkgs.lib",
        "rev": "596e2e3940e09b2abbeb03f75fa1828c57fcd72c",
        "type": "github"
      },
      "original": {
        "owner": "nix-community",
        "repo": "nixpkgs.lib",
        "type": "github"
      }
    },
    "nixpkgs-lib_3": {
      "locked": {
        "lastModified": 1754788789,
        "narHash": "sha256-x2rJ+Ovzq0sCMpgfgGaaqgBSwY+LST+WbZ6TytnT9Rk=",
        "owner": "nix-community",
        "repo": "nixpkgs.lib",
        "rev": "a73b9c743612e4244d865a2fdee11865283c04e6",
        "type": "github"
      },
      "original": {
        "owner": "nix-community",
        "repo": "nixpkgs.lib",
        "type": "github"
      }
    },
    "nixpkgs-src": {
      "flake": false,
      "locked": {
        "lastModified": 1787394516,
        "narHash": "sha256-pRGOQSClnXNI2iLUG6DYpsGvYcuw0drOutVZFTJNw90=",
        "owner": "NixOS",
        "repo": "nixpkgs",
        "rev": "c8f90650c15282fa8656a041bfbbd2403997a9a7",
        "type": "github"
      },
      "original": {
        "owner": "NixOS",
        "ref": "nixpkgs-unstable",
        "repo": "nixpkgs",
        "type": "github"
      }
    },
    "nixpkgs_2": {
      "locked": {
        "lastModified": 1751274312,
        "narHash": "sha256-/bVBlRpECLVzjV19t5KMdMFWSwKLtb5RyXdjz3LJT+g=",
        "owner": "NixOS",
        "repo": "nixpkgs",
        "rev": "50ab793786d9de88ee30ec4e4c24fb4236fc2674",
        "type": "github"
      },
      "original": {
        "owner": "NixOS",
        "ref": "nixos-24.11",
        "repo": "nixpkgs",
        "type": "github"
      }
    },
    "nixpkgs_3": {
      "locked": {
        "lastModified": 1770107345,
        "narHash": "sha256-tbS0Ebx2PiA1FRW8mt8oejR0qMXmziJmPaU1d4kYY9g=",
        "owner": "nixos",
        "repo": "nixpkgs",
        "rev": "4533d9293756b63904b7238acb84ac8fe4c8c2c4",
        "type": "github"
      },
      "original": {
        "owner": "nixos",
        "ref": "nixpkgs-unstable",
        "repo": "nixpkgs",
        "type": "github"
      }
    },
    "nixpkgs_4": {
      "locked": {
        "lastModified": 1758277210,
        "narHash": "sha256-iCGWf/LTy+aY0zFu8q12lK8KuZp7yvdhStehhyX1v8w=",
        "owner": "NixOS",
        "repo": "nixpkgs",
        "rev": "8eaee110344796db060382e15d3af0a9fc396e0e",
        "type": "github"
      },
      "original": {
        "owner": "NixOS",
        "ref": "nixos-unstable",
        "repo": "nixpkgs",
        "type": "github"
      }
    },
    "nixpkgs_5": {
      "inputs": {
        "nixpkgs-src": "nixpkgs-src"
      },
      "locked": {
        "lastModified": 1787753358,
        "narHash": "sha256-Tl77VbWyAKrOfRNQhL6JbQtb/MLzbYa/1RG1gWWfICk=",
        "owner": "cachix",
        "repo": "devenv-nixpkgs",
        "rev": "256551e45f6303e142ab4a98be1bf243feb77dc0",
        "type": "github"
      },
      "original": {
        "owner": "cachix",
        "ref": "rolling",
        "repo": "devenv-nixpkgs",
        "type": "github"
      }
    },
    "root": {
      "inputs": {
        "aoi-cms-nix": "aoi-cms-nix",
        "cms-aoi-import": "cms-aoi-import_2",
        "devenv": "devenv",
        "nixpkgs": "nixpkgs_5"
      }
    },
    "treefmt-nix": {
      "inputs": {
        "nixpkgs": "nixpkgs_3"
      },
      "locked": {
        "lastModified": 1786901030,
        "narHash": "sha256-WSFCsDSE5ffgD2MqzkM2CYjeFiKhRF/dJUN8uedb6YE=",
        "owner": "numtide",
        "repo": "treefmt-nix",
        "rev": "27b3b12a8e6375f28ebe122f07d230ca5459bbfa",
        "type": "github"
      },
      "original": {
        "owner": "numtide",
        "repo": "treefmt-nix",
        "type": "github"
      }
    }
  },
  "root": "root",
  "version": 7
}