{
  "nodes": {
    "aoi-cms-nix": {
      "inputs": {
        "cms": "cms",
        "cms-aoi-import": "cms-aoi-import",
        "flake-parts": "flake-parts_2",
        "flake-root": "flake-root",
        "isolate": "isolate",
        "nixpkgs": "nixpkgs_2",
        "treefmt-nix": "treefmt-nix"
      },
      "locked": {
        "lastModified": 1776280999,
        "narHash": "sha256-pxmpe6l/hMUTGBYv+iEHHzx8wr/L9L3O74Owe2Qg7CI=",
        "ref": "refs/heads/master",
        "rev": "50fe939aa005f0d192ccaf437bb49ba41cc2cbf3",
        "revCount": 56,
        "type": "git",
        "url": "ssh://git@github.com/austrian-olympiad-informatics/aoi-cms-nix.git"
      },
      "original": {
        "type": "git",
        "url": "ssh://git@github.com/austrian-olympiad-informatics/aoi-cms-nix.git"
      }
    },
    "cms": {
      "flake": false,
      "locked": {
        "lastModified": 1748385200,
        "narHash": "sha256-GRd0CjoLuuyiNUbgB2hxaKBGb+9pYHDAO7F5pKLWh/8=",
        "owner": "austrian-olympiad-informatics",
        "repo": "cms",
        "rev": "be76aa3cd586e864d65112d22853f4c05c9cf5e7",
        "type": "github"
      },
      "original": {
        "owner": "austrian-olympiad-informatics",
        "ref": "live",
        "repo": "cms",
        "type": "github"
      }
    },
    "cms-aoi-import": {
      "inputs": {
        "flake-parts": "flake-parts",
        "nixpkgs": "nixpkgs"
      },
      "locked": {
        "lastModified": 1776211136,
        "narHash": "sha256-ICvt36RhMuXTAeqLPMWNdoROqnEVRKSFng7nJ4DRyvA=",
        "owner": "austrian-olympiad-informatics",
        "repo": "cms-aoi-import",
        "rev": "10e26b49d7af5c8c6da578781bc7e9b3f4bd3959",
        "type": "github"
      },
      "original": {
        "owner": "austrian-olympiad-informatics",
        "repo": "cms-aoi-import",
        "type": "github"
      }
    },
    "cms-aoi-import_2": {
      "inputs": {
        "flake-parts": "flake-parts_3",
        "nixpkgs": "nixpkgs_4"
      },
      "locked": {
        "lastModified": 1776211136,
        "narHash": "sha256-ICvt36RhMuXTAeqLPMWNdoROqnEVRKSFng7nJ4DRyvA=",
        "ref": "refs/heads/main",
        "rev": "10e26b49d7af5c8c6da578781bc7e9b3f4bd3959",
        "revCount": 60,
        "type": "git",
        "url": "ssh://git@github.com/austrian-olympiad-informatics/cms-aoi-import.git"
      },
      "original": {
        "type": "git",
        "url": "ssh://git@github.com/austrian-olympiad-informatics/cms-aoi-import.git"
      }
    },
    "devenv": {
      "locked": {
        "dir": "src/modules",
        "lastModified": 1776354588,
        "narHash": "sha256-NOsJcVAG63emvdlQSpSGQjvHHxcGDfBHd/cgtpduerw=",
        "owner": "cachix",
        "repo": "devenv",
        "rev": "d7aba90c41ee261d215cbe09cf92393cc0ff2606",
        "type": "github"
      },
      "original": {
        "dir": "src/modules",
        "owner": "cachix",
        "repo": "devenv",
        "type": "github"
      }
    },
    "flake-parts": {
      "inputs": {
        "nixpkgs-lib": "nixpkgs-lib"
      },
      "locked": {
        "lastModified": 1756770412,
        "narHash": "sha256-+uWLQZccFHwqpGqr2Yt5VsW/PbeJVTn9Dk6SHWhNRPw=",
        "owner": "hercules-ci",
        "repo": "flake-parts",
        "rev": "4524271976b625a4a605beefd893f270620fd751",
        "type": "github"
      },
      "original": {
        "owner": "hercules-ci",
        "repo": "flake-parts",
        "type": "github"
      }
    },
    "flake-parts_2": {
      "inputs": {
        "nixpkgs-lib": "nixpkgs-lib_2"
      },
      "locked": {
        "lastModified": 1743550720,
        "narHash": "sha256-hIshGgKZCgWh6AYJpJmRgFdR3WUbkY04o82X05xqQiY=",
        "owner": "hercules-ci",
        "repo": "flake-parts",
        "rev": "c621e8422220273271f52058f618c94e405bb0f5",
        "type": "github"
      },
      "original": {
        "owner": "hercules-ci",
        "repo": "flake-parts",
        "type": "github"
      }
    },
    "flake-parts_3": {
      "inputs": {
        "nixpkgs-lib": "nixpkgs-lib_3"
      },
      "locked": {
        "lastModified": 1756770412,
        "narHash": "sha256-+uWLQZccFHwqpGqr2Yt5VsW/PbeJVTn9Dk6SHWhNRPw=",
        "owner": "hercules-ci",
        "repo": "flake-parts",
        "rev": "4524271976b625a4a605beefd893f270620fd751",
        "type": "github"
      },
      "original": {
        "owner": "hercules-ci",
        "repo": "flake-parts",
        "type": "github"
      }
    },
    "flake-root": {
      "locked": {
        "lastModified": 1723604017,
        "narHash": "sha256-rBtQ8gg+Dn4Sx/s+pvjdq3CB2wQNzx9XGFq/JVGCB6k=",
        "owner": "srid",
        "repo": "flake-root",
        "rev": "b759a56851e10cb13f6b8e5698af7b59c44be26e",
        "type": "github"
      },
      "original": {
        "owner": "srid",
        "repo": "flake-root",
        "type": "github"
      }
    },
    "isolate": {
      "flake": false,
      "locked": {
        "lastModified": 1743967527,
        "narHash": "sha256-eqpFNhewK+MgbKcfjJMtj4mvTXBWDKOGQwTj5R+v17A=",
        "owner": "ioi",
        "repo": "isolate",
        "rev": "6f2326bef4c52cb511104b0eec7e41d090b94e26",
        "type": "github"
      },
      "original": {
        "owner": "ioi",
        "repo": "isolate",
        "type": "github"
      }
    },
    "nixpkgs": {
      "locked": {
        "lastModified": 1758277210,
        "narHash": "sha256-iCGWf/LTy+aY0zFu8q12lK8KuZp7yvdhStehhyX1v8w=",
        "owner": "NixOS",
        "repo": "nixpkgs",
        "rev": "8eaee110344796db060382e15d3af0a9fc396e0e",
        "type": "github"
      },
      "original": {
        "owner": "NixOS",
        "ref": "nixos-unstable",
        "repo": "nixpkgs",
        "type": "github"
      }
    },
    "nixpkgs-lib": {
      "locked": {
        "lastModified": 1754788789,
        "narHash": "sha256-x2rJ+Ovzq0sCMpgfgGaaqgBSwY+LST+WbZ6TytnT9Rk=",
        "owner": "nix-community",
        "repo": "nixpkgs.lib",
        "rev": "a73b9c743612e4244d865a2fdee11865283c04e6",
        "type": "github"
      },
      "original": {
        "owner": "nix-community",
        "repo": "nixpkgs.lib",
        "type": "github"
      }
    },
    "nixpkgs-lib_2": {
      "locked": {
        "lastModified": 1743296961,
        "narHash": "sha256-b1EdN3cULCqtorQ4QeWgLMrd5ZGOjLSLemfa00heasc=",
        "owner": "nix-community",
        "repo": "nixpkgs.lib",
        "rev": "e4822aea2a6d1cdd36653c134cacfd64c97ff4fa",
        "type": "github"
      },
      "original": {
        "owner": "nix-community",
        "repo": "nixpkgs.lib",
        "type": "github"
      }
    },
    "nixpkgs-lib_3": {
      "locked": {
        "lastModified": 1754788789,
        "narHash": "sha256-x2rJ+Ovzq0sCMpgfgGaaqgBSwY+LST+WbZ6TytnT9Rk=",
        "owner": "nix-community",
        "repo": "nixpkgs.lib",
        "rev": "a73b9c743612e4244d865a2fdee11865283c04e6",
        "type": "github"
      },
      "original": {
        "owner": "nix-community",
        "repo": "nixpkgs.lib",
        "type": "github"
      }
    },
    "nixpkgs-src": {
      "flake": false,
      "locked": {
        "lastModified": 1775888245,
        "narHash": "sha256-nwASzrRDD1JBEu/o8ekKYEXm/oJW6EMCzCRdrwcLe90=",
        "owner": "NixOS",
        "repo": "nixpkgs",
        "rev": "13043924aaa7375ce482ebe2494338e058282925",
        "type": "github"
      },
      "original": {
        "owner": "NixOS",
        "ref": "nixpkgs-unstable",
        "repo": "nixpkgs",
        "type": "github"
      }
    },
    "nixpkgs_2": {
      "locked": {
        "lastModified": 1748037224,
        "narHash": "sha256-92vihpZr6dwEMV6g98M5kHZIttrWahb9iRPBm1atcPk=",
        "owner": "NixOS",
        "repo": "nixpkgs",
        "rev": "f09dede81861f3a83f7f06641ead34f02f37597f",
        "type": "github"
      },
      "original": {
        "owner": "NixOS",
        "ref": "nixos-24.11",
        "repo": "nixpkgs",
        "type": "github"
      }
    },
    "nixpkgs_3": {
      "locked": {
        "lastModified": 1747958103,
        "narHash": "sha256-qmmFCrfBwSHoWw7cVK4Aj+fns+c54EBP8cGqp/yK410=",
        "owner": "nixos",
        "repo": "nixpkgs",
        "rev": "fe51d34885f7b5e3e7b59572796e1bcb427eccb1",
        "type": "github"
      },
      "original": {
        "owner": "nixos",
        "ref": "nixpkgs-unstable",
        "repo": "nixpkgs",
        "type": "github"
      }
    },
    "nixpkgs_4": {
      "locked": {
        "lastModified": 1758277210,
        "narHash": "sha256-iCGWf/LTy+aY0zFu8q12lK8KuZp7yvdhStehhyX1v8w=",
        "owner": "NixOS",
        "repo": "nixpkgs",
        "rev": "8eaee110344796db060382e15d3af0a9fc396e0e",
        "type": "github"
      },
      "original": {
        "owner": "NixOS",
        "ref": "nixos-unstable",
        "repo": "nixpkgs",
        "type": "github"
      }
    },
    "nixpkgs_5": {
      "inputs": {
        "nixpkgs-src": "nixpkgs-src"
      },
      "locked": {
        "lastModified": 1776348333,
        "narHash": "sha256-ZyrYhlLGGuN5ieW7pE65meJJYnNz5el9vJtGBEJyDMQ=",
        "owner": "cachix",
        "repo": "devenv-nixpkgs",
        "rev": "efff47329167854ce48541c7ef731bf120753c7e",
        "type": "github"
      },
      "original": {
        "owner": "cachix",
        "ref": "rolling",
        "repo": "devenv-nixpkgs",
        "type": "github"
      }
    },
    "root": {
      "inputs": {
        "aoi-cms-nix": "aoi-cms-nix",
        "cms-aoi-import": "cms-aoi-import_2",
        "devenv": "devenv",
        "nixpkgs": "nixpkgs_5"
      }
    },
    "treefmt-nix": {
      "inputs": {
        "nixpkgs": "nixpkgs_3"
      },
      "locked": {
        "lastModified": 1748243702,
        "narHash": "sha256-9YzfeN8CB6SzNPyPm2XjRRqSixDopTapaRsnTpXUEY8=",
        "owner": "numtide",
        "repo": "treefmt-nix",
        "rev": "1f3f7b784643d488ba4bf315638b2b0a4c5fb007",
        "type": "github"
      },
      "original": {
        "owner": "numtide",
        "repo": "treefmt-nix",
        "type": "github"
      }
    }
  },
  "root": "root",
  "version": 7
}